// !$*UTF8*$!
{
	archiveVersion = 1;
	classes = {
	};
	objectVersion = 77;
	objects = {

/* Begin PBXFileReference section */
		A10000000000000000000002 /* validationLedgerTests.xctest */ = {isa = PBXFileReference; explicitFileType = wrapper.cfbundle; includeInIndex = 0; path = validationLedgerTests.xctest; sourceTree = BUILT_PRODUCTS_DIR; };
		A20000000000000000000002 /* validationLedgerUITests.xctest */ = {isa = PBXFileReference; explicitFileType = wrapper.cfbundle; includeInIndex = 0; path = validationLedgerUITests.xctest; sourceTree = BUILT_PRODUCTS_DIR; };
		A30000000000000000000002 /* validationLedgerDeviceTests.xctest */ = {isa = PBXFileReference; explicitFileType = wrapper.cfbundle; includeInIndex = 0; path = validationLedgerDeviceTests.xctest; sourceTree = BUILT_PRODUCTS_DIR; };
		EE92A0C12F9731A80095025B /* validationLedger.app */ = {isa = PBXFileReference; explicitFileType = wrapper.application; includeInIndex = 0; path = validationLedger.app; sourceTree = BUILT_PRODUCTS_DIR; };
/* End PBXFileReference section */

/* Begin PBXFileSystemSynchronizedRootGroup section */
		A10000000000000000000009 /* validationLedgerTests */ = {
			isa = PBXFileSystemSynchronizedRootGroup;
			path = validationLedgerTests;
			sourceTree = "<group>";
		};
		A20000000000000000000009 /* validationLedgerUITests */ = {
			isa = PBXFileSystemSynchronizedRootGroup;
			path = validationLedgerUITests;
			sourceTree = "<group>";
		};
		A30000000000000000000009 /* validationLedgerDeviceTests */ = {
			isa = PBXFileSystemSynchronizedRootGroup;
			path = validationLedgerDeviceTests;
			sourceTree = "<group>";
		};
		EE92A0C32F9731A80095025B /* validationLedger */ = {
			isa = PBXFileSystemSynchronizedRootGroup;
			exceptions = (
				EE92A0E02F9731A80095025B /* PBXFileSystemSynchronizedBuildFileExceptionSet */,
			);
			path = validationLedger;
			sourceTree = "<group>";
		};
/* End PBXFileSystemSynchronizedRootGroup section */

/* Begin PBXFileSystemSynchronizedBuildFileExceptionSet section */
		EE92A0E02F9731A80095025B /* Exceptions for "validationLedger" folder in "validationLedger" target */ = {
			isa = PBXFileSystemSynchronizedBuildFileExceptionSet;
			membershipExceptions = (
				"App/Info.plist",
				"Features/Onboarding/.gitkeep",
				"Features/Loads/.gitkeep",
				"Features/BOL/.gitkeep",
				"Features/Scanner/.gitkeep",
				"Features/Assistant/.gitkeep",
				"Features/Profile/.gitkeep",
				"Features/Settings/.gitkeep",
			);
			target = EE92A0C02F9731A80095025B /* validationLedger */;
		};
/* End PBXFileSystemSynchronizedBuildFileExceptionSet section */

/* Begin PBXFrameworksBuildPhase section */
		A10000000000000000000007 /* Frameworks */ = {
			isa = PBXFrameworksBuildPhase;
			buildActionMask = 2147483647;
			files = (
			);
			runOnlyForDeploymentPostprocessing = 0;
		};
		A20000000000000000000007 /* Frameworks */ = {
			isa = PBXFrameworksBuildPhase;
			buildActionMask = 2147483647;
			files = (
			);
			runOnlyForDeploymentPostprocessing = 0;
		};
		A30000000000000000000007 /* Frameworks */ = {
			isa = PBXFrameworksBuildPhase;
			buildActionMask = 2147483647;
			files = (
			);
			runOnlyForDeploymentPostprocessing = 0;
		};
		EE92A0BE2F9731A80095025B /* Frameworks */ = {
			isa = PBXFrameworksBuildPhase;
			buildActionMask = 2147483647;
			files = (
			);
			runOnlyForDeploymentPostprocessing = 0;
		};
/* End PBXFrameworksBuildPhase section */

/* Begin PBXGroup section */
		EE92A0B82F9731A80095025B = {
			isa = PBXGroup;
			children = (
				EE92A0C32F9731A80095025B /* validationLedger */,
				A10000000000000000000009 /* validationLedgerTests */,
				A20000000000000000000009 /* validationLedgerUITests */,
				A30000000000000000000009 /* validationLedgerDeviceTests */,
				EE92A0C22F9731A80095025B /* Products */,
			);
			sourceTree = "<group>";
		};
		EE92A0C22F9731A80095025B /* Products */ = {
			isa = PBXGroup;
			children = (
				EE92A0C12F9731A80095025B /* validationLedger.app */,
				A10000000000000000000002 /* validationLedgerTests.xctest */,
				A20000000000000000000002 /* validationLedgerUITests.xctest */,
				A30000000000000000000002 /* validationLedgerDeviceTests.xctest */,
			);
			name = Products;
			sourceTree = "<group>";
		};
/* End PBXGroup section */

/* Begin PBXNativeTarget section */
		A10000000000000000000001 /* validationLedgerTests */ = {
			isa = PBXNativeTarget;
			buildConfigurationList = A10000000000000000000003 /* Build configuration list for PBXNativeTarget "validationLedgerTests" */;
			buildPhases = (
				A10000000000000000000006 /* Sources */,
				A10000000000000000000007 /* Frameworks */,
				A10000000000000000000008 /* Resources */,
			);
			buildRules = (
			);
			dependencies = (
				A1000000000000000000000A /* PBXTargetDependency */,
			);
			fileSystemSynchronizedGroups = (
				A10000000000000000000009 /* validationLedgerTests */,
			);
			name = validationLedgerTests;
			packageProductDependencies = (
			);
			productName = validationLedgerTests;
			productReference = A10000000000000000000002 /* validationLedgerTests.xctest */;
			productType = "com.apple.product-type.bundle.unit-test";
		};
		A20000000000000000000001 /* validationLedgerUITests */ = {
			isa = PBXNativeTarget;
			buildConfigurationList = A20000000000000000000003 /* Build configuration list for PBXNativeTarget "validationLedgerUITests" */;
			buildPhases = (
				A20000000000000000000006 /* Sources */,
				A20000000000000000000007 /* Frameworks */,
				A20000000000000000000008 /* Resources */,
			);
			buildRules = (
			);
			dependencies = (
				A2000000000000000000000A /* PBXTargetDependency */,
			);
			fileSystemSynchronizedGroups = (
				A20000000000000000000009 /* validationLedgerUITests */,
			);
			name = validationLedgerUITests;
			packageProductDependencies = (
			);
			productName = validationLedgerUITests;
			productReference = A20000000000000000000002 /* validationLedgerUITests.xctest */;
			productType = "com.apple.product-type.bundle.ui-testing";
		};
		A30000000000000000000001 /* validationLedgerDeviceTests */ = {
			isa = PBXNativeTarget;
			buildConfigurationList = A30000000000000000000003 /* Build configuration list for PBXNativeTarget "validationLedgerDeviceTests" */;
			buildPhases = (
				A30000000000000000000006 /* Sources */,
				A30000000000000000000007 /* Frameworks */,
				A30000000000000000000008 /* Resources */,
			);
			buildRules = (
			);
			dependencies = (
				A3000000000000000000000A /* PBXTargetDependency */,
			);
			fileSystemSynchronizedGroups = (
				A30000000000000000000009 /* validationLedgerDeviceTests */,
			);
			name = validationLedgerDeviceTests;
			packageProductDependencies = (
			);
			productName = validationLedgerDeviceTests;
			productReference = A30000000000000000000002 /* validationLedgerDeviceTests.xctest */;
			productType = "com.apple.product-type.bundle.unit-test";
		};
		EE92A0C02F9731A80095025B /* validationLedger */ = {
			isa = PBXNativeTarget;
			buildConfigurationList = EE92A0CC2F9731AA0095025B /* Build configuration list for PBXNativeTarget "validationLedger" */;
			buildPhases = (
				EE92A0BD2F9731A80095025B /* Sources */,
				EE92A0BE2F9731A80095025B /* Frameworks */,
				EE92A0BF2F9731A80095025B /* Resources */,
			);
			buildRules = (
			);
			dependencies = (
			);
			fileSystemSynchronizedGroups = (
				EE92A0C32F9731A80095025B /* validationLedger */,
			);
			name = validationLedger;
			packageProductDependencies = (
			);
			productName = validationLedger;
			productReference = EE92A0C12F9731A80095025B /* validationLedger.app */;
			productType = "com.apple.product-type.application";
		};
/* End PBXNativeTarget section */

/* Begin PBXProject section */
		EE92A0B92F9731A80095025B /* Project object */ = {
			isa = PBXProject;
			attributes = {
				BuildIndependentTargetsInParallel = 1;
				LastSwiftUpdateCheck = 2640;
				LastUpgradeCheck = 2640;
				TargetAttributes = {
					A10000000000000000000001 = {
						CreatedOnToolsVersion = 26.4;
						TestTargetID = EE92A0C02F9731A80095025B;
					};
					A20000000000000000000001 = {
						CreatedOnToolsVersion = 26.4;
						TestTargetID = EE92A0C02F9731A80095025B;
					};
					A30000000000000000000001 = {
						CreatedOnToolsVersion = 26.4;
						TestTargetID = EE92A0C02F9731A80095025B;
					};
					EE92A0C02F9731A80095025B = {
						CreatedOnToolsVersion = 26.4;
					};
				};
			};
			buildConfigurationList = EE92A0BC2F9731A80095025B /* Build configuration list for PBXProject "validationLedger" */;
			developmentRegion = en;
			hasScannedForEncodings = 0;
			knownRegions = (
				en,
				Base,
			);
			mainGroup = EE92A0B82F9731A80095025B;
			minimizedProjectReferenceProxies = 1;
			preferredProjectObjectVersion = 77;
			productRefGroup = EE92A0C22F9731A80095025B /* Products */;
			projectDirPath = "";
			projectRoot = "";
			targets = (
				EE92A0C02F9731A80095025B /* validationLedger */,
				A10000000000000000000001 /* validationLedgerTests */,
				A20000000000000000000001 /* validationLedgerUITests */,
				A30000000000000000000001 /* validationLedgerDeviceTests */,
			);
		};
/* End PBXProject section */

/* Begin PBXResourcesBuildPhase section */
		A10000000000000000000008 /* Resources */ = {
			isa = PBXResourcesBuildPhase;
			buildActionMask = 2147483647;
			files = (
			);
			runOnlyForDeploymentPostprocessing = 0;
		};
		A20000000000000000000008 /* Resources */ = {
			isa = PBXResourcesBuildPhase;
			buildActionMask = 2147483647;
			files = (
			);
			runOnlyForDeploymentPostprocessing = 0;
		};
		A30000000000000000000008 /* Resources */ = {
			isa = PBXResourcesBuildPhase;
			buildActionMask = 2147483647;
			files = (
			);
			runOnlyForDeploymentPostprocessing = 0;
		};
		EE92A0BF2F9731A80095025B /* Resources */ = {
			isa = PBXResourcesBuildPhase;
			buildActionMask = 2147483647;
			files = (
			);
			runOnlyForDeploymentPostprocessing = 0;
		};
/* End PBXResourcesBuildPhase section */

/* Begin PBXSourcesBuildPhase section */
		A10000000000000000000006 /* Sources */ = {
			isa = PBXSourcesBuildPhase;
			buildActionMask = 2147483647;
			files = (
			);
			runOnlyForDeploymentPostprocessing = 0;
		};
		A20000000000000000000006 /* Sources */ = {
			isa = PBXSourcesBuildPhase;
			buildActionMask = 2147483647;
			files = (
			);
			runOnlyForDeploymentPostprocessing = 0;
		};
		A30000000000000000000006 /* Sources */ = {
			isa = PBXSourcesBuildPhase;
			buildActionMask = 2147483647;
			files = (
			);
			runOnlyForDeploymentPostprocessing = 0;
		};
		EE92A0BD2F9731A80095025B /* Sources */ = {
			isa = PBXSourcesBuildPhase;
			buildActionMask = 2147483647;
			files = (
			);
			runOnlyForDeploymentPostprocessing = 0;
		};
/* End PBXSourcesBuildPhase section */

/* Begin PBXContainerItemProxy section */
		A1000000000000000000000B /* PBXContainerItemProxy */ = {
			isa = PBXContainerItemProxy;
			containerPortal = EE92A0B92F9731A80095025B /* Project object */;
			proxyType = 1;
			remoteGlobalIDString = EE92A0C02F9731A80095025B;
			remoteInfo = validationLedger;
		};
		A2000000000000000000000B /* PBXContainerItemProxy */ = {
			isa = PBXContainerItemProxy;
			containerPortal = EE92A0B92F9731A80095025B /* Project object */;
			proxyType = 1;
			remoteGlobalIDString = EE92A0C02F9731A80095025B;
			remoteInfo = validationLedger;
		};
		A3000000000000000000000B /* PBXContainerItemProxy */ = {
			isa = PBXContainerItemProxy;
			containerPortal = EE92A0B92F9731A80095025B /* Project object */;
			proxyType = 1;
			remoteGlobalIDString = EE92A0C02F9731A80095025B;
			remoteInfo = validationLedger;
		};
/* End PBXContainerItemProxy section */

/* Begin PBXTargetDependency section */
		A1000000000000000000000A /* PBXTargetDependency */ = {
			isa = PBXTargetDependency;
			target = EE92A0C02F9731A80095025B /* validationLedger */;
			targetProxy = A1000000000000000000000B /* PBXContainerItemProxy */;
		};
		A2000000000000000000000A /* PBXTargetDependency */ = {
			isa = PBXTargetDependency;
			target = EE92A0C02F9731A80095025B /* validationLedger */;
			targetProxy = A2000000000000000000000B /* PBXContainerItemProxy */;
		};
		A3000000000000000000000A /* PBXTargetDependency */ = {
			isa = PBXTargetDependency;
			target = EE92A0C02F9731A80095025B /* validationLedger */;
			targetProxy = A3000000000000000000000B /* PBXContainerItemProxy */;
		};
/* End PBXTargetDependency section */

/* Begin XCBuildConfiguration section */
		EE92A0CA2F9731AA0095025B /* Debug */ = {
			isa = XCBuildConfiguration;
			buildSettings = {
				ALWAYS_SEARCH_USER_PATHS = NO;
				ASSETCATALOG_COMPILER_GENERATE_SWIFT_ASSET_SYMBOL_EXTENSIONS = YES;
				CLANG_ANALYZER_NONNULL = YES;
				CLANG_ANALYZER_NUMBER_OBJECT_CONVERSION = YES_AGGRESSIVE;
				CLANG_CXX_LANGUAGE_STANDARD = "gnu++20";
				CLANG_ENABLE_MODULES = YES;
				CLANG_ENABLE_OBJC_ARC = YES;
				CLANG_ENABLE_OBJC_WEAK = YES;
				CLANG_WARN_BLOCK_CAPTURE_AUTORELEASING = YES;
				CLANG_WARN_BOOL_CONVERSION = YES;
				CLANG_WARN_COMMA = YES;
				CLANG_WARN_CONSTANT_CONVERSION = YES;
				CLANG_WARN_DEPRECATED_OBJC_IMPLEMENTATIONS = YES;
				CLANG_WARN_DIRECT_OBJC_ISA_USAGE = YES_ERROR;
				CLANG_WARN_DOCUMENTATION_COMMENTS = YES;
				CLANG_WARN_EMPTY_BODY = YES;
				CLANG_WARN_ENUM_CONVERSION = YES;
				CLANG_WARN_INFINITE_RECURSION = YES;
				CLANG_WARN_INT_CONVERSION = YES;
				CLANG_WARN_NON_LITERAL_NULL_CONVERSION = YES;
				CLANG_WARN_OBJC_IMPLICIT_RETAIN_SELF = YES;
				CLANG_WARN_OBJC_LITERAL_CONVERSION = YES;
				CLANG_WARN_OBJC_ROOT_CLASS = YES_ERROR;
				CLANG_WARN_QUOTED_INCLUDE_IN_FRAMEWORK_HEADER = YES;
				CLANG_WARN_RANGE_LOOP_ANALYSIS = YES;
				CLANG_WARN_STRICT_PROTOTYPES = YES;
				CLANG_WARN_SUSPICIOUS_MOVE = YES;
				CLANG_WARN_UNGUARDED_AVAILABILITY = YES_AGGRESSIVE;
				CLANG_WARN_UNREACHABLE_CODE = YES;
				CLANG_WARN__DUPLICATE_METHOD_MATCH = YES;
				COPY_PHASE_STRIP = NO;
				DEBUG_INFORMATION_FORMAT = dwarf;
				DEVELOPMENT_TEAM = M3W6Y259JR;
				ENABLE_STRICT_OBJC_MSGSEND = YES;
				ENABLE_TESTABILITY = YES;
				ENABLE_USER_SCRIPT_SANDBOXING = YES;
				GCC_C_LANGUAGE_STANDARD = gnu17;
				GCC_DYNAMIC_NO_PIC = NO;
				GCC_NO_COMMON_BLOCKS = YES;
				GCC_OPTIMIZATION_LEVEL = 0;
				GCC_PREPROCESSOR_DEFINITIONS = (
					"DEBUG=1",
					"$(inherited)",
				);
				GCC_WARN_64_TO_32_BIT_CONVERSION = YES;
				GCC_WARN_ABOUT_RETURN_TYPE = YES_ERROR;
				GCC_WARN_UNDECLARED_SELECTOR = YES;
				GCC_WARN_UNINITIALIZED_AUTOS = YES_AGGRESSIVE;
				GCC_WARN_UNUSED_FUNCTION = YES;
				GCC_WARN_UNUSED_VARIABLE = YES;
				IPHONEOS_DEPLOYMENT_TARGET = 17.0;
				LOCALIZATION_PREFERS_STRING_CATALOGS = YES;
				MTL_ENABLE_DEBUG_INFO = INCLUDE_SOURCE;
				MTL_FAST_MATH = YES;
				ONLY_ACTIVE_ARCH = YES;
				SDKROOT = iphoneos;
				SWIFT_ACTIVE_COMPILATION_CONDITIONS = "DEBUG $(inherited)";
				SWIFT_OPTIMIZATION_LEVEL = "-Onone";
			};
			name = Debug;
		};
		EE92A0CB2F9731AA0095025B /* Release */ = {
			isa = XCBuildConfiguration;
			buildSettings = {
				ALWAYS_SEARCH_USER_PATHS = NO;
				ASSETCATALOG_COMPILER_GENERATE_SWIFT_ASSET_SYMBOL_EXTENSIONS = YES;
				CLANG_ANALYZER_NONNULL = YES;
				CLANG_ANALYZER_NUMBER_OBJECT_CONVERSION = YES_AGGRESSIVE;
				CLANG_CXX_LANGUAGE_STANDARD = "gnu++20";
				CLANG_ENABLE_MODULES = YES;
				CLANG_ENABLE_OBJC_ARC = YES;
				CLANG_ENABLE_OBJC_WEAK = YES;
				CLANG_WARN_BLOCK_CAPTURE_AUTORELEASING = YES;
				CLANG_WARN_BOOL_CONVERSION = YES;
				CLANG_WARN_COMMA = YES;
				CLANG_WARN_CONSTANT_CONVERSION = YES;
				CLANG_WARN_DEPRECATED_OBJC_IMPLEMENTATIONS = YES;
				CLANG_WARN_DIRECT_OBJC_ISA_USAGE = YES_ERROR;
				CLANG_WARN_DOCUMENTATION_COMMENTS = YES;
				CLANG_WARN_EMPTY_BODY = YES;
				CLANG_WARN_ENUM_CONVERSION = YES;
				CLANG_WARN_INFINITE_RECURSION = YES;
				CLANG_WARN_INT_CONVERSION = YES;
				CLANG_WARN_NON_LITERAL_NULL_CONVERSION = YES;
				CLANG_WARN_OBJC_IMPLICIT_RETAIN_SELF = YES;
				CLANG_WARN_OBJC_LITERAL_CONVERSION = YES;
				CLANG_WARN_OBJC_ROOT_CLASS = YES_ERROR;
				CLANG_WARN_QUOTED_INCLUDE_IN_FRAMEWORK_HEADER = YES;
				CLANG_WARN_RANGE_LOOP_ANALYSIS = YES;
				CLANG_WARN_STRICT_PROTOTYPES = YES;
				CLANG_WARN_SUSPICIOUS_MOVE = YES;
				CLANG_WARN_UNGUARDED_AVAILABILITY = YES_AGGRESSIVE;
				CLANG_WARN_UNREACHABLE_CODE = YES;
				CLANG_WARN__DUPLICATE_METHOD_MATCH = YES;
				COPY_PHASE_STRIP = NO;
				DEBUG_INFORMATION_FORMAT = "dwarf-with-dsym";
				DEVELOPMENT_TEAM = M3W6Y259JR;
				ENABLE_NS_ASSERTIONS = NO;
				ENABLE_STRICT_OBJC_MSGSEND = YES;
				ENABLE_USER_SCRIPT_SANDBOXING = YES;
				GCC_C_LANGUAGE_STANDARD = gnu17;
				GCC_NO_COMMON_BLOCKS = YES;
				GCC_WARN_64_TO_32_BIT_CONVERSION = YES;
				GCC_WARN_ABOUT_RETURN_TYPE = YES_ERROR;
				GCC_WARN_UNDECLARED_SELECTOR = YES;
				GCC_WARN_UNINITIALIZED_AUTOS = YES_AGGRESSIVE;
				GCC_WARN_UNUSED_FUNCTION = YES;
				GCC_WARN_UNUSED_VARIABLE = YES;
				IPHONEOS_DEPLOYMENT_TARGET = 17.0;
				LOCALIZATION_PREFERS_STRING_CATALOGS = YES;
				MTL_ENABLE_DEBUG_INFO = NO;
				MTL_FAST_MATH = YES;
				SDKROOT = iphoneos;
				SWIFT_COMPILATION_MODE = wholemodule;
				VALIDATE_PRODUCT = YES;
			};
			name = Release;
		};
		EE92A0CD2F9731AA0095025B /* Debug */ = {
			isa = XCBuildConfiguration;
			buildSettings = {
				ASSETCATALOG_COMPILER_APPICON_NAME = AppIcon;
				ASSETCATALOG_COMPILER_GLOBAL_ACCENT_COLOR_NAME = AccentColor;
				CODE_SIGN_STYLE = Automatic;
				CURRENT_PROJECT_VERSION = 1;
				DEVELOPMENT_TEAM = M3W6Y259JR;
				ENABLE_PREVIEWS = YES;
				GENERATE_INFOPLIST_FILE = NO;
				INFOPLIST_FILE = validationLedger/App/Info.plist;
				LD_RUNPATH_SEARCH_PATHS = (
					"$(inherited)",
					"@executable_path/Frameworks",
				);
				MARKETING_VERSION = 1.0;
				PRODUCT_BUNDLE_IDENTIFIER = com.maldin.validationLedger;
				PRODUCT_NAME = "$(TARGET_NAME)";
				STRING_CATALOG_GENERATE_SYMBOLS = YES;
				SWIFT_APPROACHABLE_CONCURRENCY = YES;
				SWIFT_DEFAULT_ACTOR_ISOLATION = MainActor;
				SWIFT_EMIT_LOC_STRINGS = YES;
				SWIFT_UPCOMING_FEATURE_MEMBER_IMPORT_VISIBILITY = YES;
				SWIFT_VERSION = 5.0;
				TARGETED_DEVICE_FAMILY = "1,2";
			};
			name = Debug;
		};
		EE92A0CE2F9731AA0095025B /* Release */ = {
			isa = XCBuildConfiguration;
			buildSettings = {
				ASSETCATALOG_COMPILER_APPICON_NAME = AppIcon;
				ASSETCATALOG_COMPILER_GLOBAL_ACCENT_COLOR_NAME = AccentColor;
				CODE_SIGN_STYLE = Automatic;
				CURRENT_PROJECT_VERSION = 1;
				DEVELOPMENT_TEAM = M3W6Y259JR;
				ENABLE_PREVIEWS = YES;
				GENERATE_INFOPLIST_FILE = NO;
				INFOPLIST_FILE = validationLedger/App/Info.plist;
				LD_RUNPATH_SEARCH_PATHS = (
					"$(inherited)",
					"@executable_path/Frameworks",
				);
				MARKETING_VERSION = 1.0;
				PRODUCT_BUNDLE_IDENTIFIER = com.maldin.validationLedger;
				PRODUCT_NAME = "$(TARGET_NAME)";
				STRING_CATALOG_GENERATE_SYMBOLS = YES;
				SWIFT_APPROACHABLE_CONCURRENCY = YES;
				SWIFT_DEFAULT_ACTOR_ISOLATION = MainActor;
				SWIFT_EMIT_LOC_STRINGS = YES;
				SWIFT_UPCOMING_FEATURE_MEMBER_IMPORT_VISIBILITY = YES;
				SWIFT_VERSION = 5.0;
				TARGETED_DEVICE_FAMILY = "1,2";
			};
			name = Release;
		};
		A10000000000000000000004 /* Debug */ = {
			isa = XCBuildConfiguration;
			buildSettings = {
				BUNDLE_LOADER = "$(TEST_HOST)";
				CODE_SIGN_STYLE = Automatic;
				CURRENT_PROJECT_VERSION = 1;
				DEVELOPMENT_TEAM = M3W6Y259JR;
				GENERATE_INFOPLIST_FILE = YES;
				IPHONEOS_DEPLOYMENT_TARGET = 17.0;
				MARKETING_VERSION = 1.0;
				PRODUCT_BUNDLE_IDENTIFIER = com.maldin.validationLedger.validationLedgerTests;
				PRODUCT_NAME = "$(TARGET_NAME)";
				SWIFT_EMIT_LOC_STRINGS = NO;
				SWIFT_VERSION = 5.0;
				TARGETED_DEVICE_FAMILY = "1,2";
				TEST_HOST = "$(BUILT_PRODUCTS_DIR)/validationLedger.app/$(BUNDLE_EXECUTABLE_FOLDER_PATH)/validationLedger";
			};
			name = Debug;
		};
		A10000000000000000000005 /* Release */ = {
			isa = XCBuildConfiguration;
			buildSettings = {
				BUNDLE_LOADER = "$(TEST_HOST)";
				CODE_SIGN_STYLE = Automatic;
				CURRENT_PROJECT_VERSION = 1;
				DEVELOPMENT_TEAM = M3W6Y259JR;
				GENERATE_INFOPLIST_FILE = YES;
				IPHONEOS_DEPLOYMENT_TARGET = 17.0;
				MARKETING_VERSION = 1.0;
				PRODUCT_BUNDLE_IDENTIFIER = com.maldin.validationLedger.validationLedgerTests;
				PRODUCT_NAME = "$(TARGET_NAME)";
				SWIFT_EMIT_LOC_STRINGS = NO;
				SWIFT_VERSION = 5.0;
				TARGETED_DEVICE_FAMILY = "1,2";
				TEST_HOST = "$(BUILT_PRODUCTS_DIR)/validationLedger.app/$(BUNDLE_EXECUTABLE_FOLDER_PATH)/validationLedger";
			};
			name = Release;
		};
		A20000000000000000000004 /* Debug */ = {
			isa = XCBuildConfiguration;
			buildSettings = {
				CODE_SIGN_STYLE = Automatic;
				CURRENT_PROJECT_VERSION = 1;
				DEVELOPMENT_TEAM = M3W6Y259JR;
				GENERATE_INFOPLIST_FILE = YES;
				IPHONEOS_DEPLOYMENT_TARGET = 17.0;
				MARKETING_VERSION = 1.0;
				PRODUCT_BUNDLE_IDENTIFIER = com.maldin.validationLedger.validationLedgerUITests;
				PRODUCT_NAME = "$(TARGET_NAME)";
				SWIFT_EMIT_LOC_STRINGS = NO;
				SWIFT_VERSION = 5.0;
				TARGETED_DEVICE_FAMILY = "1,2";
				TEST_TARGET_NAME = validationLedger;
			};
			name = Debug;
		};
		A20000000000000000000005 /* Release */ = {
			isa = XCBuildConfiguration;
			buildSettings = {
				CODE_SIGN_STYLE = Automatic;
				CURRENT_PROJECT_VERSION = 1;
				DEVELOPMENT_TEAM = M3W6Y259JR;
				GENERATE_INFOPLIST_FILE = YES;
				IPHONEOS_DEPLOYMENT_TARGET = 17.0;
				MARKETING_VERSION = 1.0;
				PRODUCT_BUNDLE_IDENTIFIER = com.maldin.validationLedger.validationLedgerUITests;
				PRODUCT_NAME = "$(TARGET_NAME)";
				SWIFT_EMIT_LOC_STRINGS = NO;
				SWIFT_VERSION = 5.0;
				TARGETED_DEVICE_FAMILY = "1,2";
				TEST_TARGET_NAME = validationLedger;
			};
			name = Release;
		};
		A30000000000000000000004 /* Debug */ = {
			isa = XCBuildConfiguration;
			buildSettings = {
				BUNDLE_LOADER = "$(TEST_HOST)";
				CODE_SIGN_STYLE = Automatic;
				CURRENT_PROJECT_VERSION = 1;
				DEVELOPMENT_TEAM = M3W6Y259JR;
				GENERATE_INFOPLIST_FILE = YES;
				IPHONEOS_DEPLOYMENT_TARGET = 17.0;
				MARKETING_VERSION = 1.0;
				PRODUCT_BUNDLE_IDENTIFIER = com.maldin.validationLedger.validationLedgerDeviceTests;
				PRODUCT_NAME = "$(TARGET_NAME)";
				SWIFT_EMIT_LOC_STRINGS = NO;
				SWIFT_VERSION = 5.0;
				TARGETED_DEVICE_FAMILY = "1,2";
				TEST_HOST = "$(BUILT_PRODUCTS_DIR)/validationLedger.app/$(BUNDLE_EXECUTABLE_FOLDER_PATH)/validationLedger";
			};
			name = Debug;
		};
		A30000000000000000000005 /* Release */ = {
			isa = XCBuildConfiguration;
			buildSettings = {
				BUNDLE_LOADER = "$(TEST_HOST)";
				CODE_SIGN_STYLE = Automatic;
				CURRENT_PROJECT_VERSION = 1;
				DEVELOPMENT_TEAM = M3W6Y259JR;
				GENERATE_INFOPLIST_FILE = YES;
				IPHONEOS_DEPLOYMENT_TARGET = 17.0;
				MARKETING_VERSION = 1.0;
				PRODUCT_BUNDLE_IDENTIFIER = com.maldin.validationLedger.validationLedgerDeviceTests;
				PRODUCT_NAME = "$(TARGET_NAME)";
				SWIFT_EMIT_LOC_STRINGS = NO;
				SWIFT_VERSION = 5.0;
				TARGETED_DEVICE_FAMILY = "1,2";
				TEST_HOST = "$(BUILT_PRODUCTS_DIR)/validationLedger.app/$(BUNDLE_EXECUTABLE_FOLDER_PATH)/validationLedger";
			};
			name = Release;
		};
/* End XCBuildConfiguration section */

/* Begin XCConfigurationList section */
		EE92A0BC2F9731A80095025B /* Build configuration list for PBXProject "validationLedger" */ = {
			isa = XCConfigurationList;
			buildConfigurations = (
				EE92A0CA2F9731AA0095025B /* Debug */,
				EE92A0CB2F9731AA0095025B /* Release */,
			);
			defaultConfigurationIsVisible = 0;
			defaultConfigurationName = Release;
		};
		EE92A0CC2F9731AA0095025B /* Build configuration list for PBXNativeTarget "validationLedger" */ = {
			isa = XCConfigurationList;
			buildConfigurations = (
				EE92A0CD2F9731AA0095025B /* Debug */,
				EE92A0CE2F9731AA0095025B /* Release */,
			);
			defaultConfigurationIsVisible = 0;
			defaultConfigurationName = Release;
		};
		A10000000000000000000003 /* Build configuration list for PBXNativeTarget "validationLedgerTests" */ = {
			isa = XCConfigurationList;
			buildConfigurations = (
				A10000000000000000000004 /* Debug */,
				A10000000000000000000005 /* Release */,
			);
			defaultConfigurationIsVisible = 0;
			defaultConfigurationName = Release;
		};
		A20000000000000000000003 /* Build configuration list for PBXNativeTarget "validationLedgerUITests" */ = {
			isa = XCConfigurationList;
			buildConfigurations = (
				A20000000000000000000004 /* Debug */,
				A20000000000000000000005 /* Release */,
			);
			defaultConfigurationIsVisible = 0;
			defaultConfigurationName = Release;
		};
		A30000000000000000000003 /* Build configuration list for PBXNativeTarget "validationLedgerDeviceTests" */ = {
			isa = XCConfigurationList;
			buildConfigurations = (
				A30000000000000000000004 /* Debug */,
				A30000000000000000000005 /* Release */,
			);
			defaultConfigurationIsVisible = 0;
			defaultConfigurationName = Release;
		};
/* End XCConfigurationList section */
	};
	rootObject = EE92A0B92F9731A80095025B /* Project object */;
}
